
Microsoft Visual Studio Solution File, Format Version 11.00
# Visual Studio 2010
Project("{FAE04EC0-301F-11D3-BF4B-00C04F79EFBC}") = "TaobaoTools", "TaobaoTools\TaobaoTools.csproj", "{CB717B61-C1D6-4323-B60A-EEC70C3D936E}"
EndProject
Project("{FAE04EC0-301F-11D3-BF4B-00C04F79EFBC}") = "TopSdk", "TopSdk\TopSdk.csproj", "{9C11CAE5-5188-4E71-825B-68FC3135728A}"
EndProject
Global
	GlobalSection(SolutionConfigurationPlatforms) = preSolution
		Debug|Any CPU = Debug|Any CPU
		Debug|Mixed Platforms = Debug|Mixed Platforms
		Debug|x86 = Debug|x86
		Release|Any CPU = Release|Any CPU
		Release|Mixed Platforms = Release|Mixed Platforms
		Release|x86 = Release|x86
	EndGlobalSection
	GlobalSection(ProjectConfigurationPlatforms) = postSolution
		{CB717B61-C1D6-4323-B60A-EEC70C3D936E}.Debug|Any CPU.ActiveCfg = Debug|x86
		{CB717B61-C1D6-4323-B60A-EEC70C3D936E}.Debug|Mixed Platforms.ActiveCfg = Debug|x86
		{CB717B61-C1D6-4323-B60A-EEC70C3D936E}.Debug|Mixed Platforms.Build.0 = Debug|x86
		{CB717B61-C1D6-4323-B60A-EEC70C3D936E}.Debug|x86.ActiveCfg = Debug|x86
		{CB717B61-C1D6-4323-B60A-EEC70C3D936E}.Debug|x86.Build.0 = Debug|x86
		{CB717B61-C1D6-4323-B60A-EEC70C3D936E}.Release|Any CPU.ActiveCfg = Release|x86
		{CB717B61-C1D6-4323-B60A-EEC70C3D936E}.Release|Mixed Platforms.ActiveCfg = Release|x86
		{CB717B61-C1D6-4323-B60A-EEC70C3D936E}.Release|Mixed Platforms.Build.0 = Release|x86
		{CB717B61-C1D6-4323-B60A-EEC70C3D936E}.Release|x86.ActiveCfg = Release|x86
		{CB717B61-C1D6-4323-B60A-EEC70C3D936E}.Release|x86.Build.0 = Release|x86
		{9C11CAE5-5188-4E71-825B-68FC3135728A}.Debug|Any CPU.ActiveCfg = Debug|Any CPU
		{9C11CAE5-5188-4E71-825B-68FC3135728A}.Debug|Any CPU.Build.0 = Debug|Any CPU
		{9C11CAE5-5188-4E71-825B-68FC3135728A}.Debug|Mixed Platforms.ActiveCfg = Debug|Any CPU
		{9C11CAE5-5188-4E71-825B-68FC3135728A}.Debug|Mixed Platforms.Build.0 = Debug|Any CPU
		{9C11CAE5-5188-4E71-825B-68FC3135728A}.Debug|x86.ActiveCfg = Debug|Any CPU
		{9C11CAE5-5188-4E71-825B-68FC3135728A}.Release|Any CPU.ActiveCfg = Release|Any CPU
		{9C11CAE5-5188-4E71-825B-68FC3135728A}.Release|Any CPU.Build.0 = Release|Any CPU
		{9C11CAE5-5188-4E71-825B-68FC3135728A}.Release|Mixed Platforms.ActiveCfg = Release|Any CPU
		{9C11CAE5-5188-4E71-825B-68FC3135728A}.Release|Mixed Platforms.Build.0 = Release|Any CPU
		{9C11CAE5-5188-4E71-825B-68FC3135728A}.Release|x86.ActiveCfg = Release|x86
		{9C11CAE5-5188-4E71-825B-68FC3135728A}.Release|x86.Build.0 = Release|x86
	EndGlobalSection
	GlobalSection(SolutionProperties) = preSolution
		HideSolutionNode = FALSE
	EndGlobalSection
EndGlobal
